# THIS IS AN AUTOGENERATED FILE. DO NOT EDIT THIS FILE DIRECTLY.
# yarn lockfile v1


async@0.1.x:
  version "0.1.22"
  resolved "https://registry.yarnpkg.com/async/-/async-0.1.22.tgz#0fc1aaa088a0e3ef0ebe2d8831bab0dcf8845061"

carrier@0.1.x:
  version "0.1.14"
  resolved "https://registry.yarnpkg.com/carrier/-/carrier-0.1.14.tgz#7f6099bc0326e26149b052de165f9dbb3b79ec62"

casperjs@^1.1.0-beta3:
  version "1.1.4"
  resolved "https://registry.yarnpkg.com/casperjs/-/casperjs-1.1.4.tgz#eb01f4ed85ac520a8f4d932b4daa74d3e77bc746"

core-util-is@~1.0.0:
  version "1.0.2"
  resolved "https://registry.yarnpkg.com/core-util-is/-/core-util-is-1.0.2.tgz#b5fd54220aa2bc5ab57aab7140c940754503c1a7"

duplexer@0.0.x:
  version "0.0.4"
  resolved "https://registry.yarnpkg.com/duplexer/-/duplexer-0.0.4.tgz#afcb7f1f8b8d74f820726171d5d64ac9e4a8ff20"

inherits@~2.0.1:
  version "2.0.3"
  resolved "https://registry.yarnpkg.com/inherits/-/inherits-2.0.3.tgz#633c2c83e3da42a502f52466022480f4208261de"

isarray@0.0.1:
  version "0.0.1"
  resolved "https://registry.yarnpkg.com/isarray/-/isarray-0.0.1.tgz#8a18acfca9a8f4177e09abfc6038939b05d1eedf"

readable-stream@~1.0.2:
  version "1.0.34"
  resolved "https://registry.yarnpkg.com/readable-stream/-/readable-stream-1.0.34.tgz#125820e34bc842d2f2aaafafe4c2916ee32c157c"
  dependencies:
    core-util-is "~1.0.0"
    inherits "~2.0.1"
    isarray "0.0.1"
    string_decoder "~0.10.x"

spooky@^0.2.5:
  version "0.2.5"
  resolved "https://registry.yarnpkg.com/spooky/-/spooky-0.2.5.tgz#443e7ebb42d998fc9aafb765bac5d1df305f28d3"
  dependencies:
    async "0.1.x"
    carrier "0.1.x"
    duplexer "0.0.x"
    readable-stream "~1.0.2"
    tiny-jsonrpc "0.2.x"
    underscore "1.3.x"

string_decoder@~0.10.x:
  version "0.10.31"
  resolved "https://registry.yarnpkg.com/string_decoder/-/string_decoder-0.10.31.tgz#62e203bc41766c6c28c9fc84301dab1c5310fa94"

tiny-jsonrpc@0.2.x:
  version "0.2.1"
  resolved "https://registry.yarnpkg.com/tiny-jsonrpc/-/tiny-jsonrpc-0.2.1.tgz#0e160ea4ce06abf5e3fd05095cee93e3e919f972"

underscore@1.3.x:
  version "1.3.3"
  resolved "https://registry.yarnpkg.com/underscore/-/underscore-1.3.3.tgz#47ac53683daf832bfa952e1774417da47817ae42"
